
Microsoft Visual Studio Solution File, Format Version 12.00
# Visual Studio Version 16
VisualStudioVersion = 16.0.31424.327
MinimumVisualStudioVersion = 10.0.40219.1
Project("{8BC9CEB8-8B4A-11D0-8D11-00A0C91BC942}") = "Banking System", "Banking System\Banking System.vcxproj", "{D52B38D5-A234-473D-854B-6EFA602F4988}"
EndProject
Project("{8BC9CEB8-8B4A-11D0-8D11-00A0C91BC942}") = "Tic Tac Toe", "Tic Tac Toe\Tic Tac Toe.vcxproj", "{7AE030C1-8C72-4999-840A-948EF6E6E390}"
EndProject
Project("{2150E333-8FDC-42A3-9474-1A3956D46DE8}") = "Solution Items", "Solution Items", "{9B340E69-4E06-486C-A6F4-60F38750123B}"
	ProjectSection(SolutionItems) = preProject
		README.md = README.md
	EndProjectSection
EndProject
Project("{8BC9CEB8-8B4A-11D0-8D11-00A0C91BC942}") = "Matrix", "Matrix\Matrix.vcxproj", "{E4C7FB36-FD40-4B81-93A0-DC6FCE7B124E}"
EndProject
Project("{8BC9CEB8-8B4A-11D0-8D11-00A0C91BC942}") = "MatrixApp", "MatrixApp\MatrixApp.vcxproj", "{EA1E19E0-7B12-49CC-841A-7CA97C8F71CF}"
EndProject
Project("{8BC9CEB8-8B4A-11D0-8D11-00A0C91BC942}") = "Matrix_Tests", "Matrix_Tests\Matrix_Tests.vcxproj", "{35A5FB7B-4399-4E19-8316-1A1CB5836B66}"
EndProject
Global
	GlobalSection(SolutionConfigurationPlatforms) = preSolution
		Debug|x64 = Debug|x64
		Debug|x86 = Debug|x86
		Release|x64 = Release|x64
		Release|x86 = Release|x86
	EndGlobalSection
	GlobalSection(ProjectConfigurationPlatforms) = postSolution
		{D52B38D5-A234-473D-854B-6EFA602F4988}.Debug|x64.ActiveCfg = Debug|x64
		{D52B38D5-A234-473D-854B-6EFA602F4988}.Debug|x64.Build.0 = Debug|x64
		{D52B38D5-A234-473D-854B-6EFA602F4988}.Debug|x86.ActiveCfg = Debug|Win32
		{D52B38D5-A234-473D-854B-6EFA602F4988}.Debug|x86.Build.0 = Debug|Win32
		{D52B38D5-A234-473D-854B-6EFA602F4988}.Release|x64.ActiveCfg = Release|x64
		{D52B38D5-A234-473D-854B-6EFA602F4988}.Release|x64.Build.0 = Release|x64
		{D52B38D5-A234-473D-854B-6EFA602F4988}.Release|x86.ActiveCfg = Release|Win32
		{D52B38D5-A234-473D-854B-6EFA602F4988}.Release|x86.Build.0 = Release|Win32
		{7AE030C1-8C72-4999-840A-948EF6E6E390}.Debug|x64.ActiveCfg = Debug|x64
		{7AE030C1-8C72-4999-840A-948EF6E6E390}.Debug|x64.Build.0 = Debug|x64
		{7AE030C1-8C72-4999-840A-948EF6E6E390}.Debug|x86.ActiveCfg = Debug|Win32
		{7AE030C1-8C72-4999-840A-948EF6E6E390}.Debug|x86.Build.0 = Debug|Win32
		{7AE030C1-8C72-4999-840A-948EF6E6E390}.Release|x64.ActiveCfg = Release|x64
		{7AE030C1-8C72-4999-840A-948EF6E6E390}.Release|x64.Build.0 = Release|x64
		{7AE030C1-8C72-4999-840A-948EF6E6E390}.Release|x86.ActiveCfg = Release|Win32
		{7AE030C1-8C72-4999-840A-948EF6E6E390}.Release|x86.Build.0 = Release|Win32
		{E4C7FB36-FD40-4B81-93A0-DC6FCE7B124E}.Debug|x64.ActiveCfg = Debug|x64
		{E4C7FB36-FD40-4B81-93A0-DC6FCE7B124E}.Debug|x64.Build.0 = Debug|x64
		{E4C7FB36-FD40-4B81-93A0-DC6FCE7B124E}.Debug|x86.ActiveCfg = Debug|Win32
		{E4C7FB36-FD40-4B81-93A0-DC6FCE7B124E}.Debug|x86.Build.0 = Debug|Win32
		{E4C7FB36-FD40-4B81-93A0-DC6FCE7B124E}.Release|x64.ActiveCfg = Release|x64
		{E4C7FB36-FD40-4B81-93A0-DC6FCE7B124E}.Release|x64.Build.0 = Release|x64
		{E4C7FB36-FD40-4B81-93A0-DC6FCE7B124E}.Release|x86.ActiveCfg = Release|Win32
		{E4C7FB36-FD40-4B81-93A0-DC6FCE7B124E}.Release|x86.Build.0 = Release|Win32
		{EA1E19E0-7B12-49CC-841A-7CA97C8F71CF}.Debug|x64.ActiveCfg = Debug|x64
		{EA1E19E0-7B12-49CC-841A-7CA97C8F71CF}.Debug|x64.Build.0 = Debug|x64
		{EA1E19E0-7B12-49CC-841A-7CA97C8F71CF}.Debug|x86.ActiveCfg = Debug|Win32
		{EA1E19E0-7B12-49CC-841A-7CA97C8F71CF}.Debug|x86.Build.0 = Debug|Win32
		{EA1E19E0-7B12-49CC-841A-7CA97C8F71CF}.Release|x64.ActiveCfg = Release|x64
		{EA1E19E0-7B12-49CC-841A-7CA97C8F71CF}.Release|x64.Build.0 = Release|x64
		{EA1E19E0-7B12-49CC-841A-7CA97C8F71CF}.Release|x86.ActiveCfg = Release|Win32
		{EA1E19E0-7B12-49CC-841A-7CA97C8F71CF}.Release|x86.Build.0 = Release|Win32
		{35A5FB7B-4399-4E19-8316-1A1CB5836B66}.Debug|x64.ActiveCfg = Debug|x64
		{35A5FB7B-4399-4E19-8316-1A1CB5836B66}.Debug|x64.Build.0 = Debug|x64
		{35A5FB7B-4399-4E19-8316-1A1CB5836B66}.Debug|x86.ActiveCfg = Debug|Win32
		{35A5FB7B-4399-4E19-8316-1A1CB5836B66}.Debug|x86.Build.0 = Debug|Win32
		{35A5FB7B-4399-4E19-8316-1A1CB5836B66}.Release|x64.ActiveCfg = Release|x64
		{35A5FB7B-4399-4E19-8316-1A1CB5836B66}.Release|x64.Build.0 = Release|x64
		{35A5FB7B-4399-4E19-8316-1A1CB5836B66}.Release|x86.ActiveCfg = Release|Win32
		{35A5FB7B-4399-4E19-8316-1A1CB5836B66}.Release|x86.Build.0 = Release|Win32
	EndGlobalSection
	GlobalSection(SolutionProperties) = preSolution
		HideSolutionNode = FALSE
	EndGlobalSection
	GlobalSection(ExtensibilityGlobals) = postSolution
		SolutionGuid = {C29054D7-6F98-4E13-987C-0D2C0F23813C}
	EndGlobalSection
EndGlobal
